# This file is automatically @generated by Cargo.
# It is not intended for manual editing.
version = 3

[[package]]
name = "local-history-cli"
version = "0.1.0"
dependencies = [
 "local-history-core",
]

[[package]]
name = "local-history-core"
version = "0.1.0"

[[package]]
name = "local-history-sidecar"
version = "0.1.0"
dependencies = [
 "local-history-core",
]

[[package]]
name = "xtask"
version = "0.1.0"
